
Microsoft Visual Studio Solution File, Format Version 12.00
# Visual Studio Version 17
VisualStudioVersion = 17.8.34309.116
MinimumVisualStudioVersion = 10.0.40219.1
Project("{9A19103F-16F7-4668-BE54-9A1E7A4F7556}") = "BisectionMethod", "BinarySearch\BisectionMethod.csproj", "{4AF624D9-E356-4E52-A188-A988EF4945A5}"
EndProject
Global
	GlobalSection(SolutionConfigurationPlatforms) = preSolution
		Debug|Any CPU = Debug|Any CPU
		Release|Any CPU = Release|Any CPU
	EndGlobalSection
	GlobalSection(ProjectConfigurationPlatforms) = postSolution
		{4AF624D9-E356-4E52-A188-A988EF4945A5}.Debug|Any CPU.ActiveCfg = Debug|Any CPU
		{4AF624D9-E356-4E52-A188-A988EF4945A5}.Debug|Any CPU.Build.0 = Debug|Any CPU
		{4AF624D9-E356-4E52-A188-A988EF4945A5}.Release|Any CPU.ActiveCfg = Release|Any CPU
		{4AF624D9-E356-4E52-A188-A988EF4945A5}.Release|Any CPU.Build.0 = Release|Any CPU
	EndGlobalSection
	GlobalSection(SolutionProperties) = preSolution
		HideSolutionNode = FALSE
	EndGlobalSection
	GlobalSection(ExtensibilityGlobals) = postSolution
		SolutionGuid = {088D7A46-F891-4E24-8076-F523D7441217}
	EndGlobalSection
EndGlobal
